github.com/delucks/go-subsonic v0.0.0-20240806025900-2a743ec36238 h1:uejyepOdHISrJTw7P84Y7yEC0FMyv1q3KNDRxWsviKw=
github.com/delucks/go-subsonic v0.0.0-20240806025900-2a743ec36238/go.mod h1:vnbEuj6Z20PLcHB4rrLQAOXGMjtULfMGhRVSFPcSdUo=
github.com/gorilla/mux v1.8.1 h1:TuBL49tXwgrFYWhqrNgrUNEY92u81SPhu7sTdzQEiWY=
github.com/gorilla/mux v1.8.1/go.mod h1:AKf9I4AEqPTmMytcMc0KkNouC66V3BtZ4qD5fmWSiMQ=
